github.com/Wifx/gonetworkmanager v0.3.0 h1:Gn5uD11cBG6qg9w0NENjTjMNZ5Asz0zxRo7t2twPQ84=
github.com/Wifx/gonetworkmanager v0.3.0/go.mod h1:EdhHf2O00IZXfMv9LC6CS6SgTwcMTg/ZSDhGvch0cs8=
github.com/godbus/dbus/v5 v5.0.2/go.mod h1:xhWf0FNVPg57R7Z0UbKHbJfkEywrmjJnf7w5xrFpKfA=
github.com/godbus/dbus/v5 v5.0.6 h1:mkgN1ofwASrYnJ5W6U/BxG15eXXXjirgZc7CLqkcaro=
github.com/godbus/dbus/v5 v5.0.6/go.mod h1:xhWf0FNVPg57R7Z0UbKHbJfkEywrmjJnf7w5xrFpKfA=
